
Microsoft Visual Studio Solution File, Format Version 12.00
# Visual Studio Version 17
VisualStudioVersion = 17.14.36401.2
MinimumVisualStudioVersion = 10.0.40219.1
Project("{FAE04EC0-301F-11D3-BF4B-00C04F79EFBC}") = "Attempt", "Attempt\Attempt.csproj", "{B1559203-9D9A-41CA-9F19-4B3A4913B905}"
EndProject
Project("{FAE04EC0-301F-11D3-BF4B-00C04F79EFBC}") = "Attempt1", "Attempt1\Attempt1.csproj", "{9D39925A-F6DD-45FF-B8F8-A126C09873A6}"
EndProject
Global
	GlobalSection(SolutionConfigurationPlatforms) = preSolution
		Debug|Any CPU = Debug|Any CPU
		Release|Any CPU = Release|Any CPU
	EndGlobalSection
	GlobalSection(ProjectConfigurationPlatforms) = postSolution
		{B1559203-9D9A-41CA-9F19-4B3A4913B905}.Debug|Any CPU.ActiveCfg = Debug|Any CPU
		{B1559203-9D9A-41CA-9F19-4B3A4913B905}.Debug|Any CPU.Build.0 = Debug|Any CPU
		{B1559203-9D9A-41CA-9F19-4B3A4913B905}.Release|Any CPU.ActiveCfg = Release|Any CPU
		{B1559203-9D9A-41CA-9F19-4B3A4913B905}.Release|Any CPU.Build.0 = Release|Any CPU
		{9D39925A-F6DD-45FF-B8F8-A126C09873A6}.Debug|Any CPU.ActiveCfg = Debug|Any CPU
		{9D39925A-F6DD-45FF-B8F8-A126C09873A6}.Debug|Any CPU.Build.0 = Debug|Any CPU
		{9D39925A-F6DD-45FF-B8F8-A126C09873A6}.Release|Any CPU.ActiveCfg = Release|Any CPU
		{9D39925A-F6DD-45FF-B8F8-A126C09873A6}.Release|Any CPU.Build.0 = Release|Any CPU
	EndGlobalSection
	GlobalSection(SolutionProperties) = preSolution
		HideSolutionNode = FALSE
	EndGlobalSection
	GlobalSection(ExtensibilityGlobals) = postSolution
		SolutionGuid = {8A5AFE4A-72CC-46CF-9B4F-65A1409EF77B}
	EndGlobalSection
EndGlobal
